{
  "name": "reptool",
  "version": "0.1.0",
  "lockfileVersion": 3,
  "requires": true,
  "packages": {
    "": {
      "name": "reptool",
      "version": "0.1.0",
      "hasInstallScript": true,
      "license": "MIT",
      "bin": {
        "reptool": "bin/reptool"
      },
      "engines": {
        "node": ">=14"
      }
    }
  }
}
